
Microsoft Visual Studio Solution File, Format Version 12.00
# Visual Studio Version 17
VisualStudioVersion = 17.8.34511.84
MinimumVisualStudioVersion = 10.0.40219.1
Project("{9A19103F-16F7-4668-BE54-9A1E7A4F7556}") = "TravelApplication", "TravelApplication\TravelApplication.csproj", "{AC04870A-15E9-4528-9A1E-03106EA9490C}"
EndProject
Global
	GlobalSection(SolutionConfigurationPlatforms) = preSolution
		Debug|Any CPU = Debug|Any CPU
		Release|Any CPU = Release|Any CPU
	EndGlobalSection
	GlobalSection(ProjectConfigurationPlatforms) = postSolution
		{AC04870A-15E9-4528-9A1E-03106EA9490C}.Debug|Any CPU.ActiveCfg = Debug|Any CPU
		{AC04870A-15E9-4528-9A1E-03106EA9490C}.Debug|Any CPU.Build.0 = Debug|Any CPU
		{AC04870A-15E9-4528-9A1E-03106EA9490C}.Release|Any CPU.ActiveCfg = Release|Any CPU
		{AC04870A-15E9-4528-9A1E-03106EA9490C}.Release|Any CPU.Build.0 = Release|Any CPU
	EndGlobalSection
	GlobalSection(SolutionProperties) = preSolution
		HideSolutionNode = FALSE
	EndGlobalSection
	GlobalSection(ExtensibilityGlobals) = postSolution
		SolutionGuid = {682614D9-AEB9-4543-938D-23C71BB0386F}
	EndGlobalSection
EndGlobal
